<?xml version="1.0" encoding="utf-8"?>
<Project ToolsVersion="4.0" xmlns="http://schemas.microsoft.com/developer/msbuild/2003">
  <ItemGroup>
    <Filter Include="Source Files">
      <UniqueIdentifier>{4FC737F1-C7A5-4376-A066-2A32D752A2FF}</UniqueIdentifier>
      <Extensions>cpp;c;cc;cxx;def;odl;idl;hpj;bat;asm;asmx</Extensions>
    </Filter>
    <Filter Include="Resource Files">
      <UniqueIdentifier>{67DA6AB6-F800-4c08-8B7A-83BB121AAD01}</UniqueIdentifier>
      <Extensions>rc;ico;cur;bmp;dlg;rc2;rct;bin;rgs;gif;jpg;jpeg;jpe;resx;tiff;tif;png;wav;mfcribbon-ms</Extensions>
    </Filter>
  </ItemGroup>
  <ItemGroup>
    <ClCompile Include="..\..\float_tester.c">
      <Filter>Source Files</Filter>
    </ClCompile>
    <ClCompile Include="..\..\learned_factors.c">
      <Filter>Source Files</Filter>
    </ClCompile>
    <ClCompile Include="..\..\matrix_factorization.c">
      <Filter>Source Files</Filter>
    </ClCompile>
    <ClCompile Include="..\..\matrix_factorization_bias.c">
      <Filter>Source Files</Filter>
    </ClCompile>
    <ClCompile Include="..\..\recommended_items.c">
      <Filter>Source Files</Filter>
    </ClCompile>
    <ClCompile Include="..\..\recommender.c">
      <Filter>Source Files</Filter>
    </ClCompile>
    <ClCompile Include="..\..\red_black_tree.c">
      <Filter>Source Files</Filter>
    </ClCompile>
    <ClCompile Include="..\..\sparse_matrix.c">
      <Filter>Source Files</Filter>
    </ClCompile>
    <ClCompile Include="..\..\training_set.c">
      <Filter>Source Files</Filter>
    </ClCompile>
    <ClCompile Include="..\..\utils.c">
      <Filter>Source Files</Filter>
    </ClCompile>
    <ClCompile Include="..\..\projection.c">
      <Filter>Source Files</Filter>
    </ClCompile>
    <ClCompile Include="..\..\projection_family.c">
      <Filter>Source Files</Filter>
    </ClCompile>
    <ClCompile Include="..\..\sparse_matrix_hash.c">
      <Filter>Source Files</Filter>
    </ClCompile>
    <ClCompile Include="..\..\standard_normal.c">
      <Filter>Source Files</Filter>
    </ClCompile>
    <ClCompile Include="..\..\binary_heap.c">
      <Filter>Source Files</Filter>
    </ClCompile>
  </ItemGroup>
  <ItemGroup>
    <ClInclude Include="..\..\float_tester.h">
      <Filter>Source Files</Filter>
    </ClInclude>
    <ClInclude Include="..\..\matrix_factorization.h">
      <Filter>Source Files</Filter>
    </ClInclude>
    <ClInclude Include="..\..\matrix_factorization_bias.h">
      <Filter>Source Files</Filter>
    </ClInclude>
    <ClInclude Include="..\..\model_parameters.h">
      <Filter>Source Files</Filter>
    </ClInclude>
    <ClInclude Include="..\..\rating_estimator.h">
      <Filter>Source Files</Filter>
    </ClInclude>
    <ClInclude Include="..\..\recommended_items.h">
      <Filter>Source Files</Filter>
    </ClInclude>
    <ClInclude Include="..\..\recommender.h">
      <Filter>Source Files</Filter>
    </ClInclude>
    <ClInclude Include="..\..\red_black_tree.h">
      <Filter>Source Files</Filter>
    </ClInclude>
    <ClInclude Include="..\..\sparse_matrix.h">
      <Filter>Source Files</Filter>
    </ClInclude>
    <ClInclude Include="..\..\utils.h">
      <Filter>Source Files</Filter>
    </ClInclude>
    <ClInclude Include="..\..\projection.h">
      <Filter>Source Files</Filter>
    </ClInclude>
    <ClInclude Include="..\..\projection_family.h">
      <Filter>Source Files</Filter>
    </ClInclude>
    <ClInclude Include="..\..\sparse_matrix_hash.h">
      <Filter>Source Files</Filter>
    </ClInclude>
    <ClInclude Include="..\..\standard_normal.h">
      <Filter>Source Files</Filter>
    </ClInclude>
    <ClInclude Include="..\..\learned_factors.h">
      <Filter>Source Files</Filter>
    </ClInclude>
    <ClInclude Include="..\..\training_set.h">
      <Filter>Source Files</Filter>
    </ClInclude>
    <ClInclude Include="..\..\binary_heap.h">
      <Filter>Source Files</Filter>
    </ClInclude>
  </ItemGroup>
  <ItemGroup>
    <None Include="..\..\README.md">
      <Filter>Resource Files</Filter>
    </None>
  </ItemGroup>
</Project>